
Microsoft Visual Studio Solution File, Format Version 12.00
# Visual Studio Version 16
VisualStudioVersion = 16.0.29306.81
MinimumVisualStudioVersion = 10.0.40219.1
Project("{9A19103F-16F7-4668-BE54-9A1E7A4F7556}") = "SportsStore", "SportsStore\SportsStore.csproj", "{68C1EA7F-E47F-47A7-9B5C-C1BE6172657A}"
EndProject
Project("{FAE04EC0-301F-11D3-BF4B-00C04F79EFBC}") = "SportsStore.Tests", "SportsStore.Tests\SportsStore.Tests.csproj", "{57D11D01-5193-4328-92CC-6EA5F8A27434}"
EndProject
Global
	GlobalSection(SolutionConfigurationPlatforms) = preSolution
		Debug|Any CPU = Debug|Any CPU
		Release|Any CPU = Release|Any CPU
	EndGlobalSection
	GlobalSection(ProjectConfigurationPlatforms) = postSolution
		{68C1EA7F-E47F-47A7-9B5C-C1BE6172657A}.Debug|Any CPU.ActiveCfg = Debug|Any CPU
		{68C1EA7F-E47F-47A7-9B5C-C1BE6172657A}.Debug|Any CPU.Build.0 = Debug|Any CPU
		{68C1EA7F-E47F-47A7-9B5C-C1BE6172657A}.Release|Any CPU.ActiveCfg = Release|Any CPU
		{68C1EA7F-E47F-47A7-9B5C-C1BE6172657A}.Release|Any CPU.Build.0 = Release|Any CPU
		{57D11D01-5193-4328-92CC-6EA5F8A27434}.Debug|Any CPU.ActiveCfg = Debug|Any CPU
		{57D11D01-5193-4328-92CC-6EA5F8A27434}.Debug|Any CPU.Build.0 = Debug|Any CPU
		{57D11D01-5193-4328-92CC-6EA5F8A27434}.Release|Any CPU.ActiveCfg = Release|Any CPU
		{57D11D01-5193-4328-92CC-6EA5F8A27434}.Release|Any CPU.Build.0 = Release|Any CPU
	EndGlobalSection
	GlobalSection(SolutionProperties) = preSolution
		HideSolutionNode = FALSE
	EndGlobalSection
	GlobalSection(ExtensibilityGlobals) = postSolution
		SolutionGuid = {D09CC39D-F2F1-418F-A32F-23FCC87C92B0}
	EndGlobalSection
EndGlobal
